
Microsoft Visual Studio Solution File, Format Version 12.00
# Visual Studio 15
VisualStudioVersion = 15.0.27428.1
MinimumVisualStudioVersion = 10.0.40219.1
Project("{9A19103F-16F7-4668-BE54-9A1E7A4F7556}") = "Cat", "Cat\Cat.csproj", "{69135D75-96BF-4739-AF84-F7779F30253F}"
EndProject
Project("{9A19103F-16F7-4668-BE54-9A1E7A4F7556}") = "CheckNumber", "CheckNumber\CheckNumber.csproj", "{EBB40C37-51D6-4AD3-BCB5-D3ABBC92F4A3}"
EndProject
Project("{9A19103F-16F7-4668-BE54-9A1E7A4F7556}") = "YangHuiTriangle", "YangHuiTriangle\YangHuiTriangle.csproj", "{40734485-A2FF-4B44-B74B-7A78EFB7E296}"
EndProject
Global
	GlobalSection(SolutionConfigurationPlatforms) = preSolution
		Debug|Any CPU = Debug|Any CPU
		Release|Any CPU = Release|Any CPU
	EndGlobalSection
	GlobalSection(ProjectConfigurationPlatforms) = postSolution
		{69135D75-96BF-4739-AF84-F7779F30253F}.Debug|Any CPU.ActiveCfg = Debug|Any CPU
		{69135D75-96BF-4739-AF84-F7779F30253F}.Debug|Any CPU.Build.0 = Debug|Any CPU
		{69135D75-96BF-4739-AF84-F7779F30253F}.Release|Any CPU.ActiveCfg = Release|Any CPU
		{69135D75-96BF-4739-AF84-F7779F30253F}.Release|Any CPU.Build.0 = Release|Any CPU
		{EBB40C37-51D6-4AD3-BCB5-D3ABBC92F4A3}.Debug|Any CPU.ActiveCfg = Debug|Any CPU
		{EBB40C37-51D6-4AD3-BCB5-D3ABBC92F4A3}.Debug|Any CPU.Build.0 = Debug|Any CPU
		{EBB40C37-51D6-4AD3-BCB5-D3ABBC92F4A3}.Release|Any CPU.ActiveCfg = Release|Any CPU
		{EBB40C37-51D6-4AD3-BCB5-D3ABBC92F4A3}.Release|Any CPU.Build.0 = Release|Any CPU
		{40734485-A2FF-4B44-B74B-7A78EFB7E296}.Debug|Any CPU.ActiveCfg = Debug|Any CPU
		{40734485-A2FF-4B44-B74B-7A78EFB7E296}.Debug|Any CPU.Build.0 = Debug|Any CPU
		{40734485-A2FF-4B44-B74B-7A78EFB7E296}.Release|Any CPU.ActiveCfg = Release|Any CPU
		{40734485-A2FF-4B44-B74B-7A78EFB7E296}.Release|Any CPU.Build.0 = Release|Any CPU
	EndGlobalSection
	GlobalSection(SolutionProperties) = preSolution
		HideSolutionNode = FALSE
	EndGlobalSection
	GlobalSection(ExtensibilityGlobals) = postSolution
		SolutionGuid = {4DD9CC0B-A639-4AC2-A91E-9E9E4828CE18}
	EndGlobalSection
EndGlobal
